<?xml version="1.0" encoding="utf-8"?>
<Project ToolsVersion="4.0" xmlns="http://schemas.microsoft.com/developer/msbuild/2003">
  <ItemGroup>
    <Filter Include="Resource Files">
      <UniqueIdentifier>{D9D6E242-F8AF-46E4-B9FD-80ECBC20BA3E}</UniqueIdentifier>
      <Extensions>qrc;*</Extensions>
      <ParseFiles>false</ParseFiles>
    </Filter>
    <Filter Include="Generated Files">
      <UniqueIdentifier>{71ED8ED8-ACB9-4CE9-BBE1-E00B30144E11}</UniqueIdentifier>
      <Extensions>moc;h;cpp</Extensions>
      <SourceControlFiles>False</SourceControlFiles>
    </Filter>
    <Filter Include="Generated Files\Debug">
      <UniqueIdentifier>{ceb03030-66b0-4e24-8310-f1b961d039a7}</UniqueIdentifier>
      <Extensions>cpp;moc</Extensions>
      <SourceControlFiles>False</SourceControlFiles>
    </Filter>
    <Filter Include="Generated Files\Release">
      <UniqueIdentifier>{994b1ece-73d3-4bde-ac80-ca3b574ce459}</UniqueIdentifier>
      <Extensions>cpp;moc</Extensions>
      <SourceControlFiles>False</SourceControlFiles>
    </Filter>
    <Filter Include="Framework">
      <UniqueIdentifier>{52535773-cbfa-4411-a3e3-fd3e9e91eafc}</UniqueIdentifier>
    </Filter>
    <Filter Include="Framework\IModule">
      <UniqueIdentifier>{65718c4c-cd25-439d-a94c-6e41da057c19}</UniqueIdentifier>
    </Filter>
    <Filter Include="Framework\ModuleManager">
      <UniqueIdentifier>{7679e893-748d-4774-a0eb-8f82cae25ef4}</UniqueIdentifier>
    </Filter>
  </ItemGroup>
  <ItemGroup>
    <ClCompile Include="GeneratedFiles\qrc_application.cpp">
      <Filter>Generated Files</Filter>
    </ClCompile>
    <ClCompile Include="GeneratedFiles\Debug\moc_modulemanager.cpp">
      <Filter>Generated Files\Debug</Filter>
    </ClCompile>
    <ClCompile Include="GeneratedFiles\Release\moc_modulemanager.cpp">
      <Filter>Generated Files\Release</Filter>
    </ClCompile>
    <ClCompile Include="Framework\IModule\imodule.cpp">
      <Filter>Framework\IModule</Filter>
    </ClCompile>
    <ClCompile Include="Framework\ModuleManager\modulemanager.cpp">
      <Filter>Framework\ModuleManager</Filter>
    </ClCompile>
  </ItemGroup>
  <ItemGroup>
    <CustomBuild Include="Resources\application.qrc">
      <Filter>Resource Files</Filter>
    </CustomBuild>
    <CustomBuild Include="Framework\ModuleManager\modulemanager.h">
      <Filter>Framework\ModuleManager</Filter>
    </CustomBuild>
  </ItemGroup>
  <ItemGroup>
    <ClInclude Include="resource.h">
      <Filter>Generated Files</Filter>
    </ClInclude>
    <ClInclude Include="Framework\IModule\imodule.h">
      <Filter>Framework\IModule</Filter>
    </ClInclude>
    <ClInclude Include="Framework\modules_require.h">
      <Filter>Framework</Filter>
    </ClInclude>
  </ItemGroup>
</Project>